// !$*UTF8*$!
{
	archiveVersion = 1;
	classes = {
	};
	objectVersion = 51;
	objects = {

/* Begin PBXBuildFile section */
		0737DAAB279850C300127D5C /* ChatUserModel.swift in Sources */ = {isa = PBXBuildFile; fileRef = 0737DAAA279850C300127D5C /* ChatUserModel.swift */; };
		0737DAAD279852BD00127D5C /* TextTableViewCell.swift in Sources */ = {isa = PBXBuildFile; fileRef = 0737DAAC279852BD00127D5C /* TextTableViewCell.swift */; };
		074E70BB27835E45009DDE71 /* Chat_Library.h in Headers */ = {isa = PBXBuildFile; fileRef = 074E70B927835E45009DDE71 /* Chat_Library.h */; settings = {ATTRIBUTES = (Public, ); }; };
		074E70C427835F22009DDE71 /* ChatViewController.swift in Sources */ = {isa = PBXBuildFile; fileRef = 074E70C227835F22009DDE71 /* ChatViewController.swift */; };
		074E70C527835F22009DDE71 /* ChatViewController.xib in Resources */ = {isa = PBXBuildFile; fileRef = 074E70C327835F22009DDE71 /* ChatViewController.xib */; };
		074E70C8278360AA009DDE71 /* Media.xcassets in Resources */ = {isa = PBXBuildFile; fileRef = 074E70C7278360AA009DDE71 /* Media.xcassets */; };
		074E711F27836862009DDE71 /* UIColor.swift in Sources */ = {isa = PBXBuildFile; fileRef = 074E711E27836862009DDE71 /* UIColor.swift */; };
		074E712727843565009DDE71 /* SenderTextTableViewCell.swift in Sources */ = {isa = PBXBuildFile; fileRef = 074E712527843565009DDE71 /* SenderTextTableViewCell.swift */; };
		074E712827843565009DDE71 /* SenderTextTableViewCell.xib in Resources */ = {isa = PBXBuildFile; fileRef = 074E712627843565009DDE71 /* SenderTextTableViewCell.xib */; };
		074E712B278446A0009DDE71 /* GoogleService-Info.plist in Resources */ = {isa = PBXBuildFile; fileRef = 074E712A278446A0009DDE71 /* GoogleService-Info.plist */; };
		07C77642278F2CF500119E12 /* Chat_Library.framework in Frameworks */ = {isa = PBXBuildFile; fileRef = 074E70B627835E45009DDE71 /* Chat_Library.framework */; };
		07C77643278F2CF500119E12 /* Chat_Library.framework in Embed Frameworks */ = {isa = PBXBuildFile; fileRef = 074E70B627835E45009DDE71 /* Chat_Library.framework */; settings = {ATTRIBUTES = (CodeSignOnCopy, RemoveHeadersOnCopy, ); }; };
		07CBD0CE2785E80D00553FAF /* AppDelegate.swift in Sources */ = {isa = PBXBuildFile; fileRef = 07CBD0CD2785E80D00553FAF /* AppDelegate.swift */; };
		07CBD0D02785E80D00553FAF /* SceneDelegate.swift in Sources */ = {isa = PBXBuildFile; fileRef = 07CBD0CF2785E80D00553FAF /* SceneDelegate.swift */; };
		07CBD0D22785E80D00553FAF /* ViewController.swift in Sources */ = {isa = PBXBuildFile; fileRef = 07CBD0D12785E80D00553FAF /* ViewController.swift */; };
		07CBD0D52785E80D00553FAF /* Main.storyboard in Resources */ = {isa = PBXBuildFile; fileRef = 07CBD0D32785E80D00553FAF /* Main.storyboard */; };
		07CBD0D72785E81A00553FAF /* Assets.xcassets in Resources */ = {isa = PBXBuildFile; fileRef = 07CBD0D62785E81A00553FAF /* Assets.xcassets */; };
		07CBD0DA2785E81A00553FAF /* LaunchScreen.storyboard in Resources */ = {isa = PBXBuildFile; fileRef = 07CBD0D82785E81A00553FAF /* LaunchScreen.storyboard */; };
		07CBD0FE2785EE8400553FAF /* FirebaseRepository.swift in Sources */ = {isa = PBXBuildFile; fileRef = 07CBD0FD2785EE8400553FAF /* FirebaseRepository.swift */; };
		07CBD1022785EED700553FAF /* ChatModel.swift in Sources */ = {isa = PBXBuildFile; fileRef = 07CBD1012785EED700553FAF /* ChatModel.swift */; };
		07CBD1062785EF5600553FAF /* Constants.swift in Sources */ = {isa = PBXBuildFile; fileRef = 07CBD1052785EF5600553FAF /* Constants.swift */; };
		07CBD12F2786014300553FAF /* ReceiverTextTableViewCell.swift in Sources */ = {isa = PBXBuildFile; fileRef = 07CBD12D2786014200553FAF /* ReceiverTextTableViewCell.swift */; };
		07CBD1302786014300553FAF /* ReceiverTextTableViewCell.xib in Resources */ = {isa = PBXBuildFile; fileRef = 07CBD12E2786014300553FAF /* ReceiverTextTableViewCell.xib */; };
		AC168FF4FF494479CBF16E15 /* Pods_Chat_Library.framework in Frameworks */ = {isa = PBXBuildFile; fileRef = 8EAAA686524835F380DD74E4 /* Pods_Chat_Library.framework */; };
/* End PBXBuildFile section */

/* Begin PBXContainerItemProxy section */
		07C77644278F2CF500119E12 /* PBXContainerItemProxy */ = {
			isa = PBXContainerItemProxy;
			containerPortal = 074E70AD27835E45009DDE71 /* Project object */;
			proxyType = 1;
			remoteGlobalIDString = 074E70B527835E45009DDE71;
			remoteInfo = "Chat Library";
		};
/* End PBXContainerItemProxy section */

/* Begin PBXCopyFilesBuildPhase section */
		07C77646278F2CF500119E12 /* Embed Frameworks */ = {
			isa = PBXCopyFilesBuildPhase;
			buildActionMask = 2147483647;
			dstPath = "";
			dstSubfolderSpec = 10;
			files = (
				07C77643278F2CF500119E12 /* Chat_Library.framework in Embed Frameworks */,
			);
			name = "Embed Frameworks";
			runOnlyForDeploymentPostprocessing = 0;
		};
/* End PBXCopyFilesBuildPhase section */

/* Begin PBXFileReference section */
		0737DAAA279850C300127D5C /* ChatUserModel.swift */ = {isa = PBXFileReference; lastKnownFileType = sourcecode.swift; path = ChatUserModel.swift; sourceTree = "<group>"; };
		0737DAAC279852BD00127D5C /* TextTableViewCell.swift */ = {isa = PBXFileReference; lastKnownFileType = sourcecode.swift; path = TextTableViewCell.swift; sourceTree = "<group>"; };
		074E70B627835E45009DDE71 /* Chat_Library.framework */ = {isa = PBXFileReference; explicitFileType = wrapper.framework; includeInIndex = 0; path = Chat_Library.framework; sourceTree = BUILT_PRODUCTS_DIR; };
		074E70B927835E45009DDE71 /* Chat_Library.h */ = {isa = PBXFileReference; lastKnownFileType = sourcecode.c.h; path = Chat_Library.h; sourceTree = "<group>"; };
		074E70BA27835E45009DDE71 /* Info.plist */ = {isa = PBXFileReference; lastKnownFileType = text.plist.xml; path = Info.plist; sourceTree = "<group>"; };
		074E70C227835F22009DDE71 /* ChatViewController.swift */ = {isa = PBXFileReference; lastKnownFileType = sourcecode.swift; path = ChatViewController.swift; sourceTree = "<group>"; };
		074E70C327835F22009DDE71 /* ChatViewController.xib */ = {isa = PBXFileReference; lastKnownFileType = file.xib; path = ChatViewController.xib; sourceTree = "<group>"; };
		074E70C7278360AA009DDE71 /* Media.xcassets */ = {isa = PBXFileReference; lastKnownFileType = folder.assetcatalog; path = Media.xcassets; sourceTree = "<group>"; };
		074E711E27836862009DDE71 /* UIColor.swift */ = {isa = PBXFileReference; lastKnownFileType = sourcecode.swift; path = UIColor.swift; sourceTree = "<group>"; };
		074E712527843565009DDE71 /* SenderTextTableViewCell.swift */ = {isa = PBXFileReference; lastKnownFileType = sourcecode.swift; path = SenderTextTableViewCell.swift; sourceTree = "<group>"; };
		074E712627843565009DDE71 /* SenderTextTableViewCell.xib */ = {isa = PBXFileReference; lastKnownFileType = file.xib; path = SenderTextTableViewCell.xib; sourceTree = "<group>"; };
		074E712A278446A0009DDE71 /* GoogleService-Info.plist */ = {isa = PBXFileReference; fileEncoding = 4; lastKnownFileType = text.plist.xml; path = "GoogleService-Info.plist"; sourceTree = "<group>"; };
		07CBD0CB2785E80D00553FAF /* Chat App.app */ = {isa = PBXFileReference; explicitFileType = wrapper.application; includeInIndex = 0; path = "Chat App.app"; sourceTree = BUILT_PRODUCTS_DIR; };
		07CBD0CD2785E80D00553FAF /* AppDelegate.swift */ = {isa = PBXFileReference; lastKnownFileType = sourcecode.swift; path = AppDelegate.swift; sourceTree = "<group>"; };
		07CBD0CF2785E80D00553FAF /* SceneDelegate.swift */ = {isa = PBXFileReference; lastKnownFileType = sourcecode.swift; path = SceneDelegate.swift; sourceTree = "<group>"; };
		07CBD0D12785E80D00553FAF /* ViewController.swift */ = {isa = PBXFileReference; lastKnownFileType = sourcecode.swift; path = ViewController.swift; sourceTree = "<group>"; };
		07CBD0D42785E80D00553FAF /* Base */ = {isa = PBXFileReference; lastKnownFileType = file.storyboard; name = Base; path = Base.lproj/Main.storyboard; sourceTree = "<group>"; };
		07CBD0D62785E81A00553FAF /* Assets.xcassets */ = {isa = PBXFileReference; lastKnownFileType = folder.assetcatalog; path = Assets.xcassets; sourceTree = "<group>"; };
		07CBD0D92785E81A00553FAF /* Base */ = {isa = PBXFileReference; lastKnownFileType = file.storyboard; name = Base; path = Base.lproj/LaunchScreen.storyboard; sourceTree = "<group>"; };
		07CBD0DB2785E81A00553FAF /* Info.plist */ = {isa = PBXFileReference; lastKnownFileType = text.plist.xml; path = Info.plist; sourceTree = "<group>"; };
		07CBD0FD2785EE8400553FAF /* FirebaseRepository.swift */ = {isa = PBXFileReference; lastKnownFileType = sourcecode.swift; path = FirebaseRepository.swift; sourceTree = "<group>"; };
		07CBD1012785EED700553FAF /* ChatModel.swift */ = {isa = PBXFileReference; lastKnownFileType = sourcecode.swift; path = ChatModel.swift; sourceTree = "<group>"; };
		07CBD1052785EF5600553FAF /* Constants.swift */ = {isa = PBXFileReference; lastKnownFileType = sourcecode.swift; path = Constants.swift; sourceTree = "<group>"; };
		07CBD12D2786014200553FAF /* ReceiverTextTableViewCell.swift */ = {isa = PBXFileReference; lastKnownFileType = sourcecode.swift; path = ReceiverTextTableViewCell.swift; sourceTree = "<group>"; };
		07CBD12E2786014300553FAF /* ReceiverTextTableViewCell.xib */ = {isa = PBXFileReference; lastKnownFileType = file.xib; path = ReceiverTextTableViewCell.xib; sourceTree = "<group>"; };
		23D027DE2245B398BDA13A1E /* Pods-Chat Library.release.xcconfig */ = {isa = PBXFileReference; includeInIndex = 1; lastKnownFileType = text.xcconfig; name = "Pods-Chat Library.release.xcconfig"; path = "Target Support Files/Pods-Chat Library/Pods-Chat Library.release.xcconfig"; sourceTree = "<group>"; };
		47B36CE7997147FA582C7810 /* Pods-Chat Library.debug.xcconfig */ = {isa = PBXFileReference; includeInIndex = 1; lastKnownFileType = text.xcconfig; name = "Pods-Chat Library.debug.xcconfig"; path = "Target Support Files/Pods-Chat Library/Pods-Chat Library.debug.xcconfig"; sourceTree = "<group>"; };
		8EAAA686524835F380DD74E4 /* Pods_Chat_Library.framework */ = {isa = PBXFileReference; explicitFileType = wrapper.framework; includeInIndex = 0; path = Pods_Chat_Library.framework; sourceTree = BUILT_PRODUCTS_DIR; };
/* End PBXFileReference section */

/* Begin PBXFrameworksBuildPhase section */
		074E70B327835E45009DDE71 /* Frameworks */ = {
			isa = PBXFrameworksBuildPhase;
			buildActionMask = 2147483647;
			files = (
				AC168FF4FF494479CBF16E15 /* Pods_Chat_Library.framework in Frameworks */,
			);
			runOnlyForDeploymentPostprocessing = 0;
		};
		07CBD0C82785E80D00553FAF /* Frameworks */ = {
			isa = PBXFrameworksBuildPhase;
			buildActionMask = 2147483647;
			files = (
				07C77642278F2CF500119E12 /* Chat_Library.framework in Frameworks */,
			);
			runOnlyForDeploymentPostprocessing = 0;
		};
/* End PBXFrameworksBuildPhase section */

/* Begin PBXGroup section */
		074E70AC27835E45009DDE71 = {
			isa = PBXGroup;
			children = (
				074E70B827835E45009DDE71 /* Chat Library */,
				07CBD0CC2785E80D00553FAF /* Chat App */,
				074E70B727835E45009DDE71 /* Products */,
				D8FFB8C841D58137BDBA72E8 /* Pods */,
				B6D4677EA4D59AA8DF40862B /* Frameworks */,
			);
			sourceTree = "<group>";
		};
		074E70B727835E45009DDE71 /* Products */ = {
			isa = PBXGroup;
			children = (
				074E70B627835E45009DDE71 /* Chat_Library.framework */,
				07CBD0CB2785E80D00553FAF /* Chat App.app */,
			);
			name = Products;
			sourceTree = "<group>";
		};
		074E70B827835E45009DDE71 /* Chat Library */ = {
			isa = PBXGroup;
			children = (
				07CBD1352786022000553FAF /* ViewControllers */,
				07CBD1342786021000553FAF /* Models */,
				07CBD1332786020000553FAF /* Utils */,
				07CBD1322786014700553FAF /* TableViewCells */,
				074E712A278446A0009DDE71 /* GoogleService-Info.plist */,
				074E70B927835E45009DDE71 /* Chat_Library.h */,
				074E70BA27835E45009DDE71 /* Info.plist */,
				074E70C7278360AA009DDE71 /* Media.xcassets */,
			);
			path = "Chat Library";
			sourceTree = "<group>";
		};
		07CBD0CC2785E80D00553FAF /* Chat App */ = {
			isa = PBXGroup;
			children = (
				07CBD0CD2785E80D00553FAF /* AppDelegate.swift */,
				07CBD0CF2785E80D00553FAF /* SceneDelegate.swift */,
				07CBD0D12785E80D00553FAF /* ViewController.swift */,
				07CBD0D32785E80D00553FAF /* Main.storyboard */,
				07CBD0D62785E81A00553FAF /* Assets.xcassets */,
				07CBD0D82785E81A00553FAF /* LaunchScreen.storyboard */,
				07CBD0DB2785E81A00553FAF /* Info.plist */,
			);
			path = "Chat App";
			sourceTree = "<group>";
		};
		07CBD1322786014700553FAF /* TableViewCells */ = {
			isa = PBXGroup;
			children = (
				074E712527843565009DDE71 /* SenderTextTableViewCell.swift */,
				074E712627843565009DDE71 /* SenderTextTableViewCell.xib */,
				07CBD12D2786014200553FAF /* ReceiverTextTableViewCell.swift */,
				07CBD12E2786014300553FAF /* ReceiverTextTableViewCell.xib */,
				0737DAAC279852BD00127D5C /* TextTableViewCell.swift */,
			);
			path = TableViewCells;
			sourceTree = "<group>";
		};
		07CBD1332786020000553FAF /* Utils */ = {
			isa = PBXGroup;
			children = (
				074E711E27836862009DDE71 /* UIColor.swift */,
				07CBD0FD2785EE8400553FAF /* FirebaseRepository.swift */,
				07CBD1052785EF5600553FAF /* Constants.swift */,
			);
			path = Utils;
			sourceTree = "<group>";
		};
		07CBD1342786021000553FAF /* Models */ = {
			isa = PBXGroup;
			children = (
				07CBD1012785EED700553FAF /* ChatModel.swift */,
				0737DAAA279850C300127D5C /* ChatUserModel.swift */,
			);
			path = Models;
			sourceTree = "<group>";
		};
		07CBD1352786022000553FAF /* ViewControllers */ = {
			isa = PBXGroup;
			children = (
				074E70C227835F22009DDE71 /* ChatViewController.swift */,
				074E70C327835F22009DDE71 /* ChatViewController.xib */,
			);
			path = ViewControllers;
			sourceTree = "<group>";
		};
		B6D4677EA4D59AA8DF40862B /* Frameworks */ = {
			isa = PBXGroup;
			children = (
				8EAAA686524835F380DD74E4 /* Pods_Chat_Library.framework */,
			);
			name = Frameworks;
			sourceTree = "<group>";
		};
		D8FFB8C841D58137BDBA72E8 /* Pods */ = {
			isa = PBXGroup;
			children = (
				47B36CE7997147FA582C7810 /* Pods-Chat Library.debug.xcconfig */,
				23D027DE2245B398BDA13A1E /* Pods-Chat Library.release.xcconfig */,
			);
			path = Pods;
			sourceTree = "<group>";
		};
/* End PBXGroup section */

/* Begin PBXHeadersBuildPhase section */
		074E70B127835E45009DDE71 /* Headers */ = {
			isa = PBXHeadersBuildPhase;
			buildActionMask = 2147483647;
			files = (
				074E70BB27835E45009DDE71 /* Chat_Library.h in Headers */,
			);
			runOnlyForDeploymentPostprocessing = 0;
		};
/* End PBXHeadersBuildPhase section */

/* Begin PBXNativeTarget section */
		074E70B527835E45009DDE71 /* Chat Library */ = {
			isa = PBXNativeTarget;
			buildConfigurationList = 074E70BE27835E45009DDE71 /* Build configuration list for PBXNativeTarget "Chat Library" */;
			buildPhases = (
				400EACC447BDF066849847D0 /* [CP] Check Pods Manifest.lock */,
				074E70B127835E45009DDE71 /* Headers */,
				074E70B227835E45009DDE71 /* Sources */,
				074E70B327835E45009DDE71 /* Frameworks */,
				074E70B427835E45009DDE71 /* Resources */,
				B1DFAA50D6C55021E5E948C9 /* [CP] Copy Pods Resources */,
			);
			buildRules = (
			);
			dependencies = (
			);
			name = "Chat Library";
			productName = "Chat Library";
			productReference = 074E70B627835E45009DDE71 /* Chat_Library.framework */;
			productType = "com.apple.product-type.framework";
		};
		07CBD0CA2785E80D00553FAF /* Chat App */ = {
			isa = PBXNativeTarget;
			buildConfigurationList = 07CBD0DE2785E81A00553FAF /* Build configuration list for PBXNativeTarget "Chat App" */;
			buildPhases = (
				07CBD0C72785E80D00553FAF /* Sources */,
				07CBD0C82785E80D00553FAF /* Frameworks */,
				07CBD0C92785E80D00553FAF /* Resources */,
				07C77646278F2CF500119E12 /* Embed Frameworks */,
			);
			buildRules = (
			);
			dependencies = (
				07C77645278F2CF500119E12 /* PBXTargetDependency */,
			);
			name = "Chat App";
			productName = "Chat App";
			productReference = 07CBD0CB2785E80D00553FAF /* Chat App.app */;
			productType = "com.apple.product-type.application";
		};
/* End PBXNativeTarget section */

/* Begin PBXProject section */
		074E70AD27835E45009DDE71 /* Project object */ = {
			isa = PBXProject;
			attributes = {
				LastSwiftUpdateCheck = 1240;
				LastUpgradeCheck = 1240;
				TargetAttributes = {
					074E70B527835E45009DDE71 = {
						CreatedOnToolsVersion = 12.4;
						LastSwiftMigration = 1240;
					};
					07CBD0CA2785E80D00553FAF = {
						CreatedOnToolsVersion = 12.4;
					};
				};
			};
			buildConfigurationList = 074E70B027835E45009DDE71 /* Build configuration list for PBXProject "Chat Library" */;
			compatibilityVersion = "Xcode 9.3";
			developmentRegion = en;
			hasScannedForEncodings = 0;
			knownRegions = (
				en,
				Base,
			);
			mainGroup = 074E70AC27835E45009DDE71;
			productRefGroup = 074E70B727835E45009DDE71 /* Products */;
			projectDirPath = "";
			projectRoot = "";
			targets = (
				074E70B527835E45009DDE71 /* Chat Library */,
				07CBD0CA2785E80D00553FAF /* Chat App */,
			);
		};
/* End PBXProject section */

/* Begin PBXResourcesBuildPhase section */
		074E70B427835E45009DDE71 /* Resources */ = {
			isa = PBXResourcesBuildPhase;
			buildActionMask = 2147483647;
			files = (
				07CBD1302786014300553FAF /* ReceiverTextTableViewCell.xib in Resources */,
				074E712827843565009DDE71 /* SenderTextTableViewCell.xib in Resources */,
				074E712B278446A0009DDE71 /* GoogleService-Info.plist in Resources */,
				074E70C8278360AA009DDE71 /* Media.xcassets in Resources */,
				074E70C527835F22009DDE71 /* ChatViewController.xib in Resources */,
			);
			runOnlyForDeploymentPostprocessing = 0;
		};
		07CBD0C92785E80D00553FAF /* Resources */ = {
			isa = PBXResourcesBuildPhase;
			buildActionMask = 2147483647;
			files = (
				07CBD0DA2785E81A00553FAF /* LaunchScreen.storyboard in Resources */,
				07CBD0D72785E81A00553FAF /* Assets.xcassets in Resources */,
				07CBD0D52785E80D00553FAF /* Main.storyboard in Resources */,
			);
			runOnlyForDeploymentPostprocessing = 0;
		};
/* End PBXResourcesBuildPhase section */

/* Begin PBXShellScriptBuildPhase section */
		400EACC447BDF066849847D0 /* [CP] Check Pods Manifest.lock */ = {
			isa = PBXShellScriptBuildPhase;
			buildActionMask = 2147483647;
			files = (
			);
			inputFileListPaths = (
			);
			inputPaths = (
				"${PODS_PODFILE_DIR_PATH}/Podfile.lock",
				"${PODS_ROOT}/Manifest.lock",
			);
			name = "[CP] Check Pods Manifest.lock";
			outputFileListPaths = (
			);
			outputPaths = (
				"$(DERIVED_FILE_DIR)/Pods-Chat Library-checkManifestLockResult.txt",
			);
			runOnlyForDeploymentPostprocessing = 0;
			shellPath = /bin/sh;
			shellScript = "diff \"${PODS_PODFILE_DIR_PATH}/Podfile.lock\" \"${PODS_ROOT}/Manifest.lock\" > /dev/null\nif [ $? != 0 ] ; then\n    # print error to STDERR\n    echo \"error: The sandbox is not in sync with the Podfile.lock. Run 'pod install' or update your CocoaPods installation.\" >&2\n    exit 1\nfi\n# This output is used by Xcode 'outputs' to avoid re-running this script phase.\necho \"SUCCESS\" > \"${SCRIPT_OUTPUT_FILE_0}\"\n";
			showEnvVarsInLog = 0;
		};
		B1DFAA50D6C55021E5E948C9 /* [CP] Copy Pods Resources */ = {
			isa = PBXShellScriptBuildPhase;
			buildActionMask = 2147483647;
			files = (
			);
			inputFileListPaths = (
				"${PODS_ROOT}/Target Support Files/Pods-Chat Library/Pods-Chat Library-resources-${CONFIGURATION}-input-files.xcfilelist",
			);
			name = "[CP] Copy Pods Resources";
			outputFileListPaths = (
				"${PODS_ROOT}/Target Support Files/Pods-Chat Library/Pods-Chat Library-resources-${CONFIGURATION}-output-files.xcfilelist",
			);
			runOnlyForDeploymentPostprocessing = 0;
			shellPath = /bin/sh;
			shellScript = "\"${PODS_ROOT}/Target Support Files/Pods-Chat Library/Pods-Chat Library-resources.sh\"\n";
			showEnvVarsInLog = 0;
		};
/* End PBXShellScriptBuildPhase section */

/* Begin PBXSourcesBuildPhase section */
		074E70B227835E45009DDE71 /* Sources */ = {
			isa = PBXSourcesBuildPhase;
			buildActionMask = 2147483647;
			files = (
				0737DAAD279852BD00127D5C /* TextTableViewCell.swift in Sources */,
				07CBD12F2786014300553FAF /* ReceiverTextTableViewCell.swift in Sources */,
				07CBD1022785EED700553FAF /* ChatModel.swift in Sources */,
				074E70C427835F22009DDE71 /* ChatViewController.swift in Sources */,
				07CBD0FE2785EE8400553FAF /* FirebaseRepository.swift in Sources */,
				074E712727843565009DDE71 /* SenderTextTableViewCell.swift in Sources */,
				074E711F27836862009DDE71 /* UIColor.swift in Sources */,
				0737DAAB279850C300127D5C /* ChatUserModel.swift in Sources */,
				07CBD1062785EF5600553FAF /* Constants.swift in Sources */,
			);
			runOnlyForDeploymentPostprocessing = 0;
		};
		07CBD0C72785E80D00553FAF /* Sources */ = {
			isa = PBXSourcesBuildPhase;
			buildActionMask = 2147483647;
			files = (
				07CBD0D22785E80D00553FAF /* ViewController.swift in Sources */,
				07CBD0CE2785E80D00553FAF /* AppDelegate.swift in Sources */,
				07CBD0D02785E80D00553FAF /* SceneDelegate.swift in Sources */,
			);
			runOnlyForDeploymentPostprocessing = 0;
		};
/* End PBXSourcesBuildPhase section */

/* Begin PBXTargetDependency section */
		07C77645278F2CF500119E12 /* PBXTargetDependency */ = {
			isa = PBXTargetDependency;
			target = 074E70B527835E45009DDE71 /* Chat Library */;
			targetProxy = 07C77644278F2CF500119E12 /* PBXContainerItemProxy */;
		};
/* End PBXTargetDependency section */

/* Begin PBXVariantGroup section */
		07CBD0D32785E80D00553FAF /* Main.storyboard */ = {
			isa = PBXVariantGroup;
			children = (
				07CBD0D42785E80D00553FAF /* Base */,
			);
			name = Main.storyboard;
			sourceTree = "<group>";
		};
		07CBD0D82785E81A00553FAF /* LaunchScreen.storyboard */ = {
			isa = PBXVariantGroup;
			children = (
				07CBD0D92785E81A00553FAF /* Base */,
			);
			name = LaunchScreen.storyboard;
			sourceTree = "<group>";
		};
/* End PBXVariantGroup section */

/* Begin XCBuildConfiguration section */
		074E70BC27835E45009DDE71 /* Debug */ = {
			isa = XCBuildConfiguration;
			buildSettings = {
				ALWAYS_SEARCH_USER_PATHS = NO;
				CLANG_ANALYZER_NONNULL = YES;
				CLANG_ANALYZER_NUMBER_OBJECT_CONVERSION = YES_AGGRESSIVE;
				CLANG_CXX_LANGUAGE_STANDARD = "gnu++14";
				CLANG_CXX_LIBRARY = "libc++";
				CLANG_ENABLE_MODULES = YES;
				CLANG_ENABLE_OBJC_ARC = YES;
				CLANG_ENABLE_OBJC_WEAK = YES;
				CLANG_WARN_BLOCK_CAPTURE_AUTORELEASING = YES;
				CLANG_WARN_BOOL_CONVERSION = YES;
				CLANG_WARN_COMMA = YES;
				CLANG_WARN_CONSTANT_CONVERSION = YES;
				CLANG_WARN_DEPRECATED_OBJC_IMPLEMENTATIONS = YES;
				CLANG_WARN_DIRECT_OBJC_ISA_USAGE = YES_ERROR;
				CLANG_WARN_DOCUMENTATION_COMMENTS = YES;
				CLANG_WARN_EMPTY_BODY = YES;
				CLANG_WARN_ENUM_CONVERSION = YES;
				CLANG_WARN_INFINITE_RECURSION = YES;
				CLANG_WARN_INT_CONVERSION = YES;
				CLANG_WARN_NON_LITERAL_NULL_CONVERSION = YES;
				CLANG_WARN_OBJC_IMPLICIT_RETAIN_SELF = YES;
				CLANG_WARN_OBJC_LITERAL_CONVERSION = YES;
				CLANG_WARN_OBJC_ROOT_CLASS = YES_ERROR;
				CLANG_WARN_QUOTED_INCLUDE_IN_FRAMEWORK_HEADER = YES;
				CLANG_WARN_RANGE_LOOP_ANALYSIS = YES;
				CLANG_WARN_STRICT_PROTOTYPES = YES;
				CLANG_WARN_SUSPICIOUS_MOVE = YES;
				CLANG_WARN_UNGUARDED_AVAILABILITY = YES_AGGRESSIVE;
				CLANG_WARN_UNREACHABLE_CODE = YES;
				CLANG_WARN__DUPLICATE_METHOD_MATCH = YES;
				COPY_PHASE_STRIP = NO;
				CURRENT_PROJECT_VERSION = 1;
				DEBUG_INFORMATION_FORMAT = dwarf;
				ENABLE_STRICT_OBJC_MSGSEND = YES;
				ENABLE_TESTABILITY = YES;
				GCC_C_LANGUAGE_STANDARD = gnu11;
				GCC_DYNAMIC_NO_PIC = NO;
				GCC_NO_COMMON_BLOCKS = YES;
				GCC_OPTIMIZATION_LEVEL = 0;
				GCC_PREPROCESSOR_DEFINITIONS = (
					"DEBUG=1",
					"$(inherited)",
				);
				GCC_WARN_64_TO_32_BIT_CONVERSION = YES;
				GCC_WARN_ABOUT_RETURN_TYPE = YES_ERROR;
				GCC_WARN_UNDECLARED_SELECTOR = YES;
				GCC_WARN_UNINITIALIZED_AUTOS = YES_AGGRESSIVE;
				GCC_WARN_UNUSED_FUNCTION = YES;
				GCC_WARN_UNUSED_VARIABLE = YES;
				IPHONEOS_DEPLOYMENT_TARGET = 14.4;
				MTL_ENABLE_DEBUG_INFO = INCLUDE_SOURCE;
				MTL_FAST_MATH = YES;
				ONLY_ACTIVE_ARCH = YES;
				SDKROOT = iphoneos;
				SWIFT_ACTIVE_COMPILATION_CONDITIONS = DEBUG;
				SWIFT_OPTIMIZATION_LEVEL = "-Onone";
				VERSIONING_SYSTEM = "apple-generic";
				VERSION_INFO_PREFIX = "";
			};
			name = Debug;
		};
		074E70BD27835E45009DDE71 /* Release */ = {
			isa = XCBuildConfiguration;
			buildSettings = {
				ALWAYS_SEARCH_USER_PATHS = NO;
				CLANG_ANALYZER_NONNULL = YES;
				CLANG_ANALYZER_NUMBER_OBJECT_CONVERSION = YES_AGGRESSIVE;
				CLANG_CXX_LANGUAGE_STANDARD = "gnu++14";
				CLANG_CXX_LIBRARY = "libc++";
				CLANG_ENABLE_MODULES = YES;
				CLANG_ENABLE_OBJC_ARC = YES;
				CLANG_ENABLE_OBJC_WEAK = YES;
				CLANG_WARN_BLOCK_CAPTURE_AUTORELEASING = YES;
				CLANG_WARN_BOOL_CONVERSION = YES;
				CLANG_WARN_COMMA = YES;
				CLANG_WARN_CONSTANT_CONVERSION = YES;
				CLANG_WARN_DEPRECATED_OBJC_IMPLEMENTATIONS = YES;
				CLANG_WARN_DIRECT_OBJC_ISA_USAGE = YES_ERROR;
				CLANG_WARN_DOCUMENTATION_COMMENTS = YES;
				CLANG_WARN_EMPTY_BODY = YES;
				CLANG_WARN_ENUM_CONVERSION = YES;
				CLANG_WARN_INFINITE_RECURSION = YES;
				CLANG_WARN_INT_CONVERSION = YES;
				CLANG_WARN_NON_LITERAL_NULL_CONVERSION = YES;
				CLANG_WARN_OBJC_IMPLICIT_RETAIN_SELF = YES;
				CLANG_WARN_OBJC_LITERAL_CONVERSION = YES;
				CLANG_WARN_OBJC_ROOT_CLASS = YES_ERROR;
				CLANG_WARN_QUOTED_INCLUDE_IN_FRAMEWORK_HEADER = YES;
				CLANG_WARN_RANGE_LOOP_ANALYSIS = YES;
				CLANG_WARN_STRICT_PROTOTYPES = YES;
				CLANG_WARN_SUSPICIOUS_MOVE = YES;
				CLANG_WARN_UNGUARDED_AVAILABILITY = YES_AGGRESSIVE;
				CLANG_WARN_UNREACHABLE_CODE = YES;
				CLANG_WARN__DUPLICATE_METHOD_MATCH = YES;
				COPY_PHASE_STRIP = NO;
				CURRENT_PROJECT_VERSION = 1;
				DEBUG_INFORMATION_FORMAT = "dwarf-with-dsym";
				ENABLE_NS_ASSERTIONS = NO;
				ENABLE_STRICT_OBJC_MSGSEND = YES;
				GCC_C_LANGUAGE_STANDARD = gnu11;
				GCC_NO_COMMON_BLOCKS = YES;
				GCC_WARN_64_TO_32_BIT_CONVERSION = YES;
				GCC_WARN_ABOUT_RETURN_TYPE = YES_ERROR;
				GCC_WARN_UNDECLARED_SELECTOR = YES;
				GCC_WARN_UNINITIALIZED_AUTOS = YES_AGGRESSIVE;
				GCC_WARN_UNUSED_FUNCTION = YES;
				GCC_WARN_UNUSED_VARIABLE = YES;
				IPHONEOS_DEPLOYMENT_TARGET = 14.4;
				MTL_ENABLE_DEBUG_INFO = NO;
				MTL_FAST_MATH = YES;
				SDKROOT = iphoneos;
				SWIFT_COMPILATION_MODE = wholemodule;
				SWIFT_OPTIMIZATION_LEVEL = "-O";
				VALIDATE_PRODUCT = YES;
				VERSIONING_SYSTEM = "apple-generic";
				VERSION_INFO_PREFIX = "";
			};
			name = Release;
		};
		074E70BF27835E45009DDE71 /* Debug */ = {
			isa = XCBuildConfiguration;
			baseConfigurationReference = 47B36CE7997147FA582C7810 /* Pods-Chat Library.debug.xcconfig */;
			buildSettings = {
				BUILD_LIBRARY_FOR_DISTRIBUTION = YES;
				CLANG_ENABLE_MODULES = YES;
				"CODE_SIGN_IDENTITY[sdk=macosx*]" = "Apple Development";
				CODE_SIGN_STYLE = Automatic;
				DEFINES_MODULE = YES;
				DEVELOPMENT_TEAM = DYJ3PCB243;
				DYLIB_COMPATIBILITY_VERSION = 1;
				DYLIB_CURRENT_VERSION = 1;
				DYLIB_INSTALL_NAME_BASE = "@rpath";
				INFOPLIST_FILE = "Chat Library/Info.plist";
				INSTALL_PATH = "$(LOCAL_LIBRARY_DIR)/Frameworks";
				LD_RUNPATH_SEARCH_PATHS = (
					"$(inherited)",
					"@executable_path/Frameworks",
					"@loader_path/Frameworks",
				);
				PRODUCT_BUNDLE_IDENTIFIER = "couryah.Chat-Library";
				PRODUCT_NAME = "$(TARGET_NAME:c99extidentifier)";
				SKIP_INSTALL = YES;
				SWIFT_OPTIMIZATION_LEVEL = "-Onone";
				SWIFT_VERSION = 5.0;
				TARGETED_DEVICE_FAMILY = "1,2";
			};
			name = Debug;
		};
		074E70C027835E45009DDE71 /* Release */ = {
			isa = XCBuildConfiguration;
			baseConfigurationReference = 23D027DE2245B398BDA13A1E /* Pods-Chat Library.release.xcconfig */;
			buildSettings = {
				BUILD_LIBRARY_FOR_DISTRIBUTION = YES;
				CLANG_ENABLE_MODULES = YES;
				"CODE_SIGN_IDENTITY[sdk=macosx*]" = "Apple Development";
				CODE_SIGN_STYLE = Automatic;
				DEFINES_MODULE = YES;
				DEVELOPMENT_TEAM = DYJ3PCB243;
				DYLIB_COMPATIBILITY_VERSION = 1;
				DYLIB_CURRENT_VERSION = 1;
				DYLIB_INSTALL_NAME_BASE = "@rpath";
				INFOPLIST_FILE = "Chat Library/Info.plist";
				INSTALL_PATH = "$(LOCAL_LIBRARY_DIR)/Frameworks";
				LD_RUNPATH_SEARCH_PATHS = (
					"$(inherited)",
					"@executable_path/Frameworks",
					"@loader_path/Frameworks",
				);
				PRODUCT_BUNDLE_IDENTIFIER = "couryah.Chat-Library";
				PRODUCT_NAME = "$(TARGET_NAME:c99extidentifier)";
				SKIP_INSTALL = YES;
				SWIFT_VERSION = 5.0;
				TARGETED_DEVICE_FAMILY = "1,2";
			};
			name = Release;
		};
		07CBD0DC2785E81A00553FAF /* Debug */ = {
			isa = XCBuildConfiguration;
			buildSettings = {
				ASSETCATALOG_COMPILER_APPICON_NAME = AppIcon;
				ASSETCATALOG_COMPILER_GLOBAL_ACCENT_COLOR_NAME = AccentColor;
				CODE_SIGN_STYLE = Automatic;
				DEVELOPMENT_TEAM = DYJ3PCB243;
				HEADER_SEARCH_PATHS = "${SRCROOT}/Pods/Firebase/CoreOnly/Sources";
				INFOPLIST_FILE = "Chat App/Info.plist";
				LD_RUNPATH_SEARCH_PATHS = (
					"$(inherited)",
					"@executable_path/Frameworks",
				);
				OTHER_CODE_SIGN_FLAGS = "--generate-entitlement-der";
				PRODUCT_BUNDLE_IDENTIFIER = "couryah.Chat-App";
				PRODUCT_NAME = "$(TARGET_NAME)";
				SWIFT_VERSION = 5.0;
				TARGETED_DEVICE_FAMILY = "1,2";
			};
			name = Debug;
		};
		07CBD0DD2785E81A00553FAF /* Release */ = {
			isa = XCBuildConfiguration;
			buildSettings = {
				ASSETCATALOG_COMPILER_APPICON_NAME = AppIcon;
				ASSETCATALOG_COMPILER_GLOBAL_ACCENT_COLOR_NAME = AccentColor;
				CODE_SIGN_STYLE = Automatic;
				DEVELOPMENT_TEAM = DYJ3PCB243;
				HEADER_SEARCH_PATHS = "${SRCROOT}/Pods/Firebase/CoreOnly/Sources";
				INFOPLIST_FILE = "Chat App/Info.plist";
				LD_RUNPATH_SEARCH_PATHS = (
					"$(inherited)",
					"@executable_path/Frameworks",
				);
				OTHER_CODE_SIGN_FLAGS = "--generate-entitlement-der";
				PRODUCT_BUNDLE_IDENTIFIER = "couryah.Chat-App";
				PRODUCT_NAME = "$(TARGET_NAME)";
				SWIFT_VERSION = 5.0;
				TARGETED_DEVICE_FAMILY = "1,2";
			};
			name = Release;
		};
/* End XCBuildConfiguration section */

/* Begin XCConfigurationList section */
		074E70B027835E45009DDE71 /* Build configuration list for PBXProject "Chat Library" */ = {
			isa = XCConfigurationList;
			buildConfigurations = (
				074E70BC27835E45009DDE71 /* Debug */,
				074E70BD27835E45009DDE71 /* Release */,
			);
			defaultConfigurationIsVisible = 0;
			defaultConfigurationName = Release;
		};
		074E70BE27835E45009DDE71 /* Build configuration list for PBXNativeTarget "Chat Library" */ = {
			isa = XCConfigurationList;
			buildConfigurations = (
				074E70BF27835E45009DDE71 /* Debug */,
				074E70C027835E45009DDE71 /* Release */,
			);
			defaultConfigurationIsVisible = 0;
			defaultConfigurationName = Release;
		};
		07CBD0DE2785E81A00553FAF /* Build configuration list for PBXNativeTarget "Chat App" */ = {
			isa = XCConfigurationList;
			buildConfigurations = (
				07CBD0DC2785E81A00553FAF /* Debug */,
				07CBD0DD2785E81A00553FAF /* Release */,
			);
			defaultConfigurationIsVisible = 0;
			defaultConfigurationName = Release;
		};
/* End XCConfigurationList section */
	};
	rootObject = 074E70AD27835E45009DDE71 /* Project object */;
}
